
Microsoft Visual Studio Solution File, Format Version 12.00
# Visual Studio Version 16
VisualStudioVersion = 16.0.31515.178
MinimumVisualStudioVersion = 10.0.40219.1
Project("{9A19103F-16F7-4668-BE54-9A1E7A4F7556}") = "Assignment4", "Assignment4\Assignment4.csproj", "{7F93FC7B-4BE3-4852-9F83-91BC80941EC1}"
EndProject
Project("{FAE04EC0-301F-11D3-BF4B-00C04F79EFBC}") = "PW_LAB5", "PW_LAB5\PW_LAB5.csproj", "{4DD37B5D-1E1A-48E9-81C0-02F110615415}"
EndProject
Global
	GlobalSection(SolutionConfigurationPlatforms) = preSolution
		Debug|Any CPU = Debug|Any CPU
		Release|Any CPU = Release|Any CPU
	EndGlobalSection
	GlobalSection(ProjectConfigurationPlatforms) = postSolution
		{7F93FC7B-4BE3-4852-9F83-91BC80941EC1}.Debug|Any CPU.ActiveCfg = Debug|Any CPU
		{7F93FC7B-4BE3-4852-9F83-91BC80941EC1}.Debug|Any CPU.Build.0 = Debug|Any CPU
		{7F93FC7B-4BE3-4852-9F83-91BC80941EC1}.Release|Any CPU.ActiveCfg = Release|Any CPU
		{7F93FC7B-4BE3-4852-9F83-91BC80941EC1}.Release|Any CPU.Build.0 = Release|Any CPU
		{4DD37B5D-1E1A-48E9-81C0-02F110615415}.Debug|Any CPU.ActiveCfg = Debug|Any CPU
		{4DD37B5D-1E1A-48E9-81C0-02F110615415}.Debug|Any CPU.Build.0 = Debug|Any CPU
		{4DD37B5D-1E1A-48E9-81C0-02F110615415}.Release|Any CPU.ActiveCfg = Release|Any CPU
		{4DD37B5D-1E1A-48E9-81C0-02F110615415}.Release|Any CPU.Build.0 = Release|Any CPU
	EndGlobalSection
	GlobalSection(SolutionProperties) = preSolution
		HideSolutionNode = FALSE
	EndGlobalSection
	GlobalSection(ExtensibilityGlobals) = postSolution
		SolutionGuid = {2012651C-7177-4E48-A160-2F9D134DEC27}
	EndGlobalSection
EndGlobal
